
Microsoft Visual Studio Solution File, Format Version 12.00
# Visual Studio Version 17
VisualStudioVersion = 17.10.35004.147
MinimumVisualStudioVersion = 10.0.40219.1
Project("{FAE04EC0-301F-11D3-BF4B-00C04F79EFBC}") = "ABC", "ABC\ABC.csproj", "{01917F64-4CE4-4928-BA5F-C857EA09BE5D}"
EndProject
Global
	GlobalSection(SolutionConfigurationPlatforms) = preSolution
		Debug|Any CPU = Debug|Any CPU
		Release|Any CPU = Release|Any CPU
	EndGlobalSection
	GlobalSection(ProjectConfigurationPlatforms) = postSolution
		{01917F64-4CE4-4928-BA5F-C857EA09BE5D}.Debug|Any CPU.ActiveCfg = Debug|Any CPU
		{01917F64-4CE4-4928-BA5F-C857EA09BE5D}.Debug|Any CPU.Build.0 = Debug|Any CPU
		{01917F64-4CE4-4928-BA5F-C857EA09BE5D}.Release|Any CPU.ActiveCfg = Release|Any CPU
		{01917F64-4CE4-4928-BA5F-C857EA09BE5D}.Release|Any CPU.Build.0 = Release|Any CPU
	EndGlobalSection
	GlobalSection(SolutionProperties) = preSolution
		HideSolutionNode = FALSE
	EndGlobalSection
	GlobalSection(ExtensibilityGlobals) = postSolution
		SolutionGuid = {876EEA45-54A4-4790-AE56-C6CF8B276831}
	EndGlobalSection
EndGlobal
